
Microsoft Visual Studio Solution File, Format Version 12.00
# Visual Studio 15
VisualStudioVersion = 15.0.27428.2037
MinimumVisualStudioVersion = 10.0.40219.1
Project("{FAE04EC0-301F-11D3-BF4B-00C04F79EFBC}") = "Dispenser", "Dispenser\Dispenser.csproj", "{141C2BFE-7729-416B-AD2B-BB808E8ED5AC}"
EndProject
Project("{FAE04EC0-301F-11D3-BF4B-00C04F79EFBC}") = "VNavigationBar", "VNavigationBar\VNavigationBar.csproj", "{EF3C92F3-8FB5-46C1-8665-D402809FB196}"
EndProject
Global
	GlobalSection(SolutionConfigurationPlatforms) = preSolution
		Debug|Any CPU = Debug|Any CPU
		Release|Any CPU = Release|Any CPU
	EndGlobalSection
	GlobalSection(ProjectConfigurationPlatforms) = postSolution
		{141C2BFE-7729-416B-AD2B-BB808E8ED5AC}.Debug|Any CPU.ActiveCfg = Debug|Any CPU
		{141C2BFE-7729-416B-AD2B-BB808E8ED5AC}.Debug|Any CPU.Build.0 = Debug|Any CPU
		{141C2BFE-7729-416B-AD2B-BB808E8ED5AC}.Release|Any CPU.ActiveCfg = Release|Any CPU
		{141C2BFE-7729-416B-AD2B-BB808E8ED5AC}.Release|Any CPU.Build.0 = Release|Any CPU
		{EF3C92F3-8FB5-46C1-8665-D402809FB196}.Debug|Any CPU.ActiveCfg = Debug|Any CPU
		{EF3C92F3-8FB5-46C1-8665-D402809FB196}.Debug|Any CPU.Build.0 = Debug|Any CPU
		{EF3C92F3-8FB5-46C1-8665-D402809FB196}.Release|Any CPU.ActiveCfg = Release|Any CPU
		{EF3C92F3-8FB5-46C1-8665-D402809FB196}.Release|Any CPU.Build.0 = Release|Any CPU
	EndGlobalSection
	GlobalSection(SolutionProperties) = preSolution
		HideSolutionNode = FALSE
	EndGlobalSection
	GlobalSection(ExtensibilityGlobals) = postSolution
		SolutionGuid = {665CA517-1447-45D5-AFE1-52A164A571EB}
	EndGlobalSection
EndGlobal
